
Microsoft Visual Studio Solution File, Format Version 12.00
# Visual Studio Version 16
VisualStudioVersion = 16.0.31205.134
MinimumVisualStudioVersion = 10.0.40219.1
Project("{FAE04EC0-301F-11D3-BF4B-00C04F79EFBC}") = "Exercicios Propostos Parte 2", "Exercicios Propostos Parte 2\Exercicios Propostos Parte 2.csproj", "{78AFA18F-1FC1-4ED1-BEF4-AE39D4B0BFFA}"
EndProject
Global
	GlobalSection(SolutionConfigurationPlatforms) = preSolution
		Debug|Any CPU = Debug|Any CPU
		Release|Any CPU = Release|Any CPU
	EndGlobalSection
	GlobalSection(ProjectConfigurationPlatforms) = postSolution
		{78AFA18F-1FC1-4ED1-BEF4-AE39D4B0BFFA}.Debug|Any CPU.ActiveCfg = Debug|Any CPU
		{78AFA18F-1FC1-4ED1-BEF4-AE39D4B0BFFA}.Debug|Any CPU.Build.0 = Debug|Any CPU
		{78AFA18F-1FC1-4ED1-BEF4-AE39D4B0BFFA}.Release|Any CPU.ActiveCfg = Release|Any CPU
		{78AFA18F-1FC1-4ED1-BEF4-AE39D4B0BFFA}.Release|Any CPU.Build.0 = Release|Any CPU
	EndGlobalSection
	GlobalSection(SolutionProperties) = preSolution
		HideSolutionNode = FALSE
	EndGlobalSection
	GlobalSection(ExtensibilityGlobals) = postSolution
		SolutionGuid = {1E48DD9C-3402-4F0F-90E0-FDCC91881817}
	EndGlobalSection
EndGlobal
